<Solution>
  <Project Path="Testing/Testing.csproj" Id="835e7e58-0864-4ec0-96e0-cbaec0691ec0" />
  <Project Path="ZCL/ZCL.csproj" />
  <Project Path="ZCM-Console/ZCM-Console.csproj" Id="a6d9abe0-8502-45ad-a36d-9e34962247e0" />
  <Project Path="ZCM/ZCM.csproj">
    <Deploy Solution="Debug|*" />
  </Project>
</Solution>
